hash: 3bcbd425eaefa785f52420ef3b3977843d3e87fc2b1f97393564224581783fd5
updated: 2018-01-29T14:52:02.741687521+01:00
imports:
- name: github.com/dgrijalva/jwt-go
  version: d2709f9f1f31ebcda9651b03077758c1f3a0018c
- name: github.com/eternnoir/gncp
  version: c70df2d0cd68bfc27074d632653aed73cdb2b078
- name: github.com/google/go-querystring
  version: 53e6ce116135b80d037921a7fdd5138cf32d7a8a
  subpackages:
  - query
- name: github.com/gorilla/context
  version: 1ea25387ff6f684839d82767c1733ff4d4d15d0a
- name: github.com/gorilla/mux
  version: bcd8bc72b08df0f70df986b97f95590779502d31
- name: github.com/gorilla/schema
  version: 8b1100835db5bbdae88541510f70d114b91a7e4d
- name: github.com/inconshreveable/mousetrap
  version: 76626ae9c91c4f2a10f34cad8ce83ea42c93bb75
- name: github.com/longsleep/go-metrics
  version: c1943bcf904753d1e15df1aece374004792c2ac5
  subpackages:
  - loggedwriter
  - timing
- name: github.com/mendsley/gojwk
  version: 4d5ec6e58103388d6cb0d7d72bc72649be4f0504
- name: github.com/minio/blake2b-simd
  version: 3f5f724cb5b182a5c278d6d3d55b40e7f8c2efb4
- name: github.com/orcaman/concurrent-map
  version: 2ae17bc4c860c83513ee50feb9746f3e50d7515d
- name: github.com/rs/cors
  version: 8dd4211afb5d08dbb39a533b9bb9e4b486351df6
- name: github.com/satori/go.uuid
  version: f58768cc1a7a7e77a3bd49e98cdd21419399b6a3
- name: github.com/sirupsen/logrus
  version: 202f25545ea4cf9b191ff7f846df5d87c9382c2b
- name: github.com/spf13/cobra
  version: 7b2c5ac9fc04fc5efafb60700713d4fa609b777b
- name: github.com/spf13/pflag
  version: e57e3eeb33f795204c1ca35f56c44f83227c6e66
- name: golang.org/x/crypto
  version: 2faea1465de239e4babd8f5905cc25b781712442
  subpackages:
  - ed25519
  - ed25519/internal/edwards25519
  - nacl/secretbox
  - poly1305
  - salsa20/salsa
- name: golang.org/x/net
  version: d866cfc389cec985d6fda2859936a575a55a3ab6
  subpackages:
  - context
- name: golang.org/x/sys
  version: 833a04a10549a95dc34458c195cbad61bbb6cb4d
  subpackages:
  - unix
- name: golang.org/x/time
  version: 6dc17368e09b0e8634d71cac8168d853e869a0c7
  subpackages:
  - rate
- name: gopkg.in/asn1-ber.v1
  version: 379148ca0225df7a432012b8df0355c2a2063ac0
- name: gopkg.in/ldap.v2
  version: bb7a9ca6e4fbc2129e3db588a34bc970ffe811a9
- name: gopkg.in/square/go-jose.v2
  version: f8f38de21b4dcd69d0413faf231983f5fd6634b1
  subpackages:
  - cipher
  - json
  - jwt
- name: stash.kopano.io/kgol/kcc-go
  version: 3ffe6b646618f5151a21deae400e6731492eb68e
- name: stash.kopano.io/kgol/rndm
  version: 69ff9c69d5ce12d2fb19a552eab58ad657a5e8b2
testImports: []
