# This file is autogenerated, do not edit; changes may be undone by the next 'dep ensure'.


[[projects]]
  digest = "1:e47d51dab652d26c3fba6f8cba403f922d02757a82abdc77e90df7948daf296e"
  name = "github.com/deckarep/golang-set"
  packages = ["."]
  pruneopts = "UT"
  revision = "cbaa98ba5575e67703b32b4b19f73c91f3c4159e"
  version = "v1.7.1"

[[projects]]
  branch = "master"
  digest = "1:a4b30dab05a035c96618400af0b15e1896e37f213a925735faa1455a5f49ace1"
  name = "github.com/desertbit/timer"
  packages = ["."]
  pruneopts = "UT"
  revision = "c41aec40b27f0eeb2b94300fffcd624c69b02990"

[[projects]]
  digest = "1:76dc72490af7174349349838f2fe118996381b31ea83243812a97e5a0fd5ed55"
  name = "github.com/dgrijalva/jwt-go"
  packages = ["."]
  pruneopts = "UT"
  revision = "06ea1031745cb8b3dab3f6a236daf2b0aa468b7e"
  version = "v3.2.0"

[[projects]]
  branch = "master"
  digest = "1:c31e0d7c32e694b3f85d17139dafef4020498e68ef11347ddb906cf01eaa669f"
  name = "github.com/eternnoir/gncp"
  packages = ["."]
  pruneopts = "UT"
  revision = "c70df2d0cd68bfc27074d632653aed73cdb2b078"

[[projects]]
  digest = "1:2cd7915ab26ede7d95b8749e6b1f933f1c6d5398030684e6505940a10f31cfda"
  name = "github.com/ghodss/yaml"
  packages = ["."]
  pruneopts = "UT"
  revision = "0ca9ea5df5451ffdf184b4428c902747c2c11cd7"
  version = "v1.0.0"

[[projects]]
  digest = "1:a63cff6b5d8b95638bfe300385d93b2a6d9d687734b863da8e09dc834510a690"
  name = "github.com/google/go-querystring"
  packages = ["query"]
  pruneopts = "UT"
  revision = "44c6ddd0a2342c386950e880b658017258da92fc"
  version = "v1.0.0"

[[projects]]
  digest = "1:d5f97fc268267ec1b61c3453058c738246fc3e746f14b1ae25161513b7367b0c"
  name = "github.com/gorilla/mux"
  packages = ["."]
  pruneopts = "UT"
  revision = "c5c6c98bc25355028a63748a498942a6398ccd22"
  version = "v1.7.1"

[[projects]]
  digest = "1:345ad428d03cc89fa5498d61383d0d7f39afbe8731ca135c0ec92782285121d3"
  name = "github.com/gorilla/schema"
  packages = ["."]
  pruneopts = "UT"
  revision = "124d17ef95858a10835ce95502446cb5a9e9f715"
  version = "v1.1.0"

[[projects]]
  digest = "1:870d441fe217b8e689d7949fef6e43efbc787e50f200cb1e70dbca9204a1d6be"
  name = "github.com/inconshreveable/mousetrap"
  packages = ["."]
  pruneopts = "UT"
  revision = "76626ae9c91c4f2a10f34cad8ce83ea42c93bb75"
  version = "v1.0"

[[projects]]
  digest = "1:31e761d97c76151dde79e9d28964a812c46efc5baee4085b86f68f0c654450de"
  name = "github.com/konsorten/go-windows-terminal-sequences"
  packages = ["."]
  pruneopts = "UT"
  revision = "f55edac94c9bbba5d6182a4be46d86a2c9b5b50e"
  version = "v1.0.2"

[[projects]]
  branch = "master"
  digest = "1:622f0825ed1efb077f6a1568588b6bd46986a8213318f08402f5de12ed122df0"
  name = "github.com/longsleep/go-metrics"
  packages = [
    "loggedwriter",
    "timing",
  ]
  pruneopts = "UT"
  revision = "900f92a5ad22829d0885ca905f1fb843a72caf06"

[[projects]]
  branch = "master"
  digest = "1:bad8c08367e93a0a30d1090ac9bc98e7157df162d21b638cc72d28d331806f8c"
  name = "github.com/mendsley/gojwk"
  packages = ["."]
  pruneopts = "UT"
  revision = "4d5ec6e58103388d6cb0d7d72bc72649be4f0504"

[[projects]]
  branch = "master"
  digest = "1:8368165a1d56fb9c296eb90ed90c51cc0ce563d73c911d3a4c7cb2faa5fc544e"
  name = "github.com/orcaman/concurrent-map"
  packages = ["."]
  pruneopts = "UT"
  revision = "2693aad1ed7517c2bb5b3a42cb8fde88b941d89d"

[[projects]]
  branch = "master"
  digest = "1:bd9efe4e0b0f768302a1e2f0c22458149278de533e521206e5ddc71848c269a0"
  name = "github.com/pquerna/cachecontrol"
  packages = [
    ".",
    "cacheobject",
  ]
  pruneopts = "UT"
  revision = "1555304b9b35fdd2b425bccf1a5613677705e7d0"

[[projects]]
  digest = "1:b0c25f00bad20d783d259af2af8666969e2fc343fa0dc9efe52936bbd67fb758"
  name = "github.com/rs/cors"
  packages = ["."]
  pruneopts = "UT"
  revision = "9a47f48565a795472d43519dd49aac781f3034fb"
  version = "v1.6.0"

[[projects]]
  digest = "1:274f67cb6fed9588ea2521ecdac05a6d62a8c51c074c1fccc6a49a40ba80e925"
  name = "github.com/satori/go.uuid"
  packages = ["."]
  pruneopts = "UT"
  revision = "f58768cc1a7a7e77a3bd49e98cdd21419399b6a3"
  version = "v1.2.0"

[[projects]]
  digest = "1:fd61cf4ae1953d55df708acb6b91492d538f49c305b364a014049914495db426"
  name = "github.com/sirupsen/logrus"
  packages = ["."]
  pruneopts = "UT"
  revision = "8bdbc7bcc01dcbb8ec23dc8a28e332258d25251f"
  version = "v1.4.1"

[[projects]]
  digest = "1:645cabccbb4fa8aab25a956cbcbdf6a6845ca736b2c64e197ca7cbb9d210b939"
  name = "github.com/spf13/cobra"
  packages = ["."]
  pruneopts = "UT"
  revision = "ef82de70bb3f60c65fb8eebacbb2d122ef517385"
  version = "v0.0.3"

[[projects]]
  digest = "1:c1b1102241e7f645bc8e0c22ae352e8f0dc6484b6cb4d132fa9f24174e0119e2"
  name = "github.com/spf13/pflag"
  packages = ["."]
  pruneopts = "UT"
  revision = "298182f68c66c05229eb03ac171abe6e309ee79a"
  version = "v1.0.3"

[[projects]]
  branch = "master"
  digest = "1:7c8547d77159d7c58496615be7d03e20a9c139b9384e382dd60e194c6a6b0534"
  name = "golang.org/x/crypto"
  packages = [
    "blake2b",
    "ed25519",
    "ed25519/internal/edwards25519",
    "internal/subtle",
    "nacl/secretbox",
    "pbkdf2",
    "poly1305",
    "salsa20/salsa",
  ]
  pruneopts = "UT"
  revision = "c05e17bb3b2dca130fc919668a96b4bec9eb9442"

[[projects]]
  branch = "master"
  digest = "1:01831e6da6dfda2ea208bc4a153f6fb2fe02b0baec3af50f3b61c0d87d99a3f7"
  name = "golang.org/x/net"
  packages = [
    "http/httpguts",
    "http2",
    "http2/hpack",
    "idna",
  ]
  pruneopts = "UT"
  revision = "4829fb13d2c62012c17688fa7f629f371014946d"

[[projects]]
  branch = "master"
  digest = "1:ef6f5a1afcf6996c2a9871649ac6ed5a4ae9f4baea7fd004b8b10aed97ff53d8"
  name = "golang.org/x/sys"
  packages = [
    "cpu",
    "unix",
  ]
  pruneopts = "UT"
  revision = "16072639606ea9e22c7d86e4cbd6af6314f4193c"

[[projects]]
  digest = "1:8d8faad6b12a3a4c819a3f9618cb6ee1fa1cfc33253abeeea8b55336721e3405"
  name = "golang.org/x/text"
  packages = [
    "collate",
    "collate/build",
    "internal/colltab",
    "internal/gen",
    "internal/language",
    "internal/language/compact",
    "internal/tag",
    "internal/triegen",
    "internal/ucd",
    "language",
    "secure/bidirule",
    "transform",
    "unicode/bidi",
    "unicode/cldr",
    "unicode/norm",
    "unicode/rangetable",
  ]
  pruneopts = "UT"
  revision = "342b2e1fbaa52c93f31447ad2c6abc048c63e475"
  version = "v0.3.2"

[[projects]]
  branch = "master"
  digest = "1:9fdc2b55e8e0fafe4b41884091e51e77344f7dc511c5acedcfd98200003bff90"
  name = "golang.org/x/time"
  packages = ["rate"]
  pruneopts = "UT"
  revision = "9d24e82272b4f38b78bc8cff74fa936d31ccd8ef"

[[projects]]
  digest = "1:af07c44dc04418be522bfd4e21ca9130d58169ea084e3a883e23772003a381c4"
  name = "gopkg.in/asn1-ber.v1"
  packages = ["."]
  pruneopts = "UT"
  revision = "f715ec2f112d1e4195b827ad68cf44017a3ef2b1"
  version = "v1.3"

[[projects]]
  digest = "1:93aaeb913621a3a53aaa78592c00f46d63e3bb0ea76e2d9b07327b50959a5778"
  name = "gopkg.in/ldap.v2"
  packages = ["."]
  pruneopts = "UT"
  revision = "bb7a9ca6e4fbc2129e3db588a34bc970ffe811a9"
  version = "v2.5.1"

[[projects]]
  digest = "1:9593bab40e981b1f90b7e07faeab0d09b75fe338880d08880f986a9d3283c53f"
  name = "gopkg.in/square/go-jose.v2"
  packages = [
    ".",
    "cipher",
    "json",
    "jwt",
  ]
  pruneopts = "UT"
  revision = "730df5f748271903322feb182be83b43ebbbe27d"
  version = "v2.3.1"

[[projects]]
  digest = "1:2a81c6e126d36ad027328cffaa4888fc3be40f09dc48028d1f93705b718130b9"
  name = "gopkg.in/yaml.v2"
  packages = ["."]
  pruneopts = "UT"
  revision = "7f97868eec74b32b0982dd158a51a446d1da7eb5"
  version = "v2.1.1"

[[projects]]
  digest = "1:9a67ac025ac0bed60f6c84d2bcefd4abd40a15c8b5be3d32d1bcaa8bcd8f0d6a"
  name = "stash.kopano.io/kgol/kcc-go"
  packages = ["."]
  pruneopts = "UT"
  revision = "022a268e55daaeb14ae0e27ce0d8ecd91ec347b0"
  version = "v3.0.0"

[[projects]]
  digest = "1:3cbf6c7fe4df8116b3660a9aabbd8b035a27b45d3c03d0f8fecacd25fd7eaff3"
  name = "stash.kopano.io/kgol/oidc-go"
  packages = ["."]
  pruneopts = "UT"
  revision = "91c341772a1a5297661ad9f57faff0f5aa404ab6"
  version = "v0.2.1"

[[projects]]
  digest = "1:e004a22416b1063c30360a2a91beadb538fa8c103362e6c653aaa1de4d6bbb5e"
  name = "stash.kopano.io/kgol/rndm"
  packages = ["."]
  pruneopts = "UT"
  revision = "69ff9c69d5ce12d2fb19a552eab58ad657a5e8b2"
  version = "v1.0.0"

[solve-meta]
  analyzer-name = "dep"
  analyzer-version = 1
  input-imports = [
    "github.com/deckarep/golang-set",
    "github.com/dgrijalva/jwt-go",
    "github.com/ghodss/yaml",
    "github.com/google/go-querystring/query",
    "github.com/gorilla/mux",
    "github.com/gorilla/schema",
    "github.com/longsleep/go-metrics/loggedwriter",
    "github.com/longsleep/go-metrics/timing",
    "github.com/mendsley/gojwk",
    "github.com/orcaman/concurrent-map",
    "github.com/rs/cors",
    "github.com/satori/go.uuid",
    "github.com/sirupsen/logrus",
    "github.com/spf13/cobra",
    "golang.org/x/crypto/blake2b",
    "golang.org/x/crypto/ed25519",
    "golang.org/x/crypto/nacl/secretbox",
    "golang.org/x/net/http2",
    "golang.org/x/time/rate",
    "gopkg.in/ldap.v2",
    "gopkg.in/square/go-jose.v2",
    "gopkg.in/square/go-jose.v2/jwt",
    "gopkg.in/yaml.v2",
    "stash.kopano.io/kgol/kcc-go",
    "stash.kopano.io/kgol/oidc-go",
    "stash.kopano.io/kgol/rndm",
  ]
  solver-name = "gps-cdcl"
  solver-version = 1
